<?xml version="1.0" encoding="utf-8"?>
<Project ToolsVersion="4.0" xmlns="http://schemas.microsoft.com/developer/msbuild/2003">
  <ItemGroup>
    <Filter Include="源文件">
      <UniqueIdentifier>{4FC737F1-C7A5-4376-A066-2A32D752A2FF}</UniqueIdentifier>
      <Extensions>cpp;c;cc;cxx;c++;cppm;ixx;def;odl;idl;hpj;bat;asm;asmx</Extensions>
    </Filter>
    <Filter Include="头文件">
      <UniqueIdentifier>{93995380-89BD-4b04-88EB-625FBE52EBFB}</UniqueIdentifier>
      <Extensions>h;hh;hpp;hxx;h++;hm;inl;inc;ipp;xsd</Extensions>
    </Filter>
    <Filter Include="资源文件">
      <UniqueIdentifier>{67DA6AB6-F800-4c08-8B7A-83BB121AAD01}</UniqueIdentifier>
      <Extensions>rc;ico;cur;bmp;dlg;rc2;rct;bin;rgs;gif;jpg;jpeg;jpe;resx;tiff;tif;png;wav;mfcribbon-ms</Extensions>
    </Filter>
  </ItemGroup>
  <ItemGroup>
    <ClCompile Include="Class\Biome\Test\test.cpp">
      <Filter>源文件</Filter>
    </ClCompile>
    <ClCompile Include="Generation\Basic.cpp">
      <Filter>源文件</Filter>
    </ClCompile>
    <ClCompile Include="Generation\Entry.cpp">
      <Filter>源文件</Filter>
    </ClCompile>
    <ClCompile Include="Generation\Random\BasicRandom.cpp">
      <Filter>源文件</Filter>
    </ClCompile>
    <ClCompile Include="Generation\Random\ContinuousRandom.cpp">
      <Filter>源文件</Filter>
    </ClCompile>
    <ClCompile Include="Generation\Random\DispersedRatio.cpp">
      <Filter>源文件</Filter>
    </ClCompile>
    <ClCompile Include="Generation\Random\Random.cpp">
      <Filter>源文件</Filter>
    </ClCompile>
    <ClCompile Include="Class\Biome\Test\TestSon\testSon.cpp">
      <Filter>源文件</Filter>
    </ClCompile>
    <ClCompile Include="Generation\WorldPara.cpp">
      <Filter>源文件</Filter>
    </ClCompile>
    <ClCompile Include="Class\Biome\Hill\hill.cpp">
      <Filter>源文件</Filter>
    </ClCompile>
    <ClCompile Include="Generation\Random\PositionRandom.cpp">
      <Filter>源文件</Filter>
    </ClCompile>
    <ClCompile Include="UCLient\Graph\BasicClass\cpp\BasicHeaders.cpp">
      <Filter>源文件</Filter>
    </ClCompile>
    <ClCompile Include="UCLient\Graph\BasicClass\cpp\IndexBuffer.cpp">
      <Filter>源文件</Filter>
    </ClCompile>
    <ClCompile Include="UCLient\Graph\BasicClass\cpp\Renderer.cpp">
      <Filter>源文件</Filter>
    </ClCompile>
    <ClCompile Include="UCLient\Graph\BasicClass\cpp\Shader.cpp">
      <Filter>源文件</Filter>
    </ClCompile>
    <ClCompile Include="UCLient\Graph\BasicClass\cpp\Texture.cpp">
      <Filter>源文件</Filter>
    </ClCompile>
    <ClCompile Include="UCLient\Graph\BasicClass\cpp\VertexArray.cpp">
      <Filter>源文件</Filter>
    </ClCompile>
    <ClCompile Include="UCLient\Graph\BasicClass\cpp\VertexBuffer.cpp">
      <Filter>源文件</Filter>
    </ClCompile>
    <ClCompile Include="UCLient\Graph\BasicClass\lib\lib\stb_vorbis.c">
      <Filter>源文件</Filter>
    </ClCompile>
    <ClCompile Include="UCLient\Graph\imgui\misc\freetype\imgui_freetype.cpp">
      <Filter>源文件</Filter>
    </ClCompile>
    <ClCompile Include="UCLient\Graph\imgui\imgui.cpp">
      <Filter>源文件</Filter>
    </ClCompile>
    <ClCompile Include="UCLient\Graph\imgui\imgui_demo.cpp">
      <Filter>源文件</Filter>
    </ClCompile>
    <ClCompile Include="UCLient\Graph\imgui\imgui_draw.cpp">
      <Filter>源文件</Filter>
    </ClCompile>
    <ClCompile Include="UCLient\Graph\imgui\imgui_impl_glfw_gl3.cpp">
      <Filter>源文件</Filter>
    </ClCompile>
    <ClCompile Include="UCLient\Graph\RenderBlockProcess.cpp">
      <Filter>源文件</Filter>
    </ClCompile>
    <ClCompile Include="UCLient\Graph\ChunkDraw.cpp">
      <Filter>源文件</Filter>
    </ClCompile>
    <ClCompile Include="Main.cpp">
      <Filter>源文件</Filter>
    </ClCompile>
    <ClCompile Include="UCLient\ImportInfo.cpp">
      <Filter>源文件</Filter>
    </ClCompile>
    <ClCompile Include="UCLient\Graph\DynamicRegister.cpp">
      <Filter>源文件</Filter>
    </ClCompile>
    <ClCompile Include="Class\Biome\Hill\Tree\tree.cpp">
      <Filter>源文件</Filter>
    </ClCompile>
    <ClCompile Include="UCLient\Graph\SmoothLight.cpp">
      <Filter>源文件</Filter>
    </ClCompile>
    <ClCompile Include="UCLient\UserAction.cpp">
      <Filter>源文件</Filter>
    </ClCompile>
    <ClCompile Include="UCLient\Graph\GenBasicLight.cpp">
      <Filter>源文件</Filter>
    </ClCompile>
    <ClCompile Include="Generation\DivideBiomes.cpp">
      <Filter>源文件</Filter>
    </ClCompile>
    <ClCompile Include="Class\Biome\Desert\desert.cpp">
      <Filter>源文件</Filter>
    </ClCompile>
  </ItemGroup>
  <ItemGroup>
    <ClInclude Include="Class\Biome\Test\test.h">
      <Filter>头文件</Filter>
    </ClInclude>
    <ClInclude Include="Generation\Basic.h">
      <Filter>头文件</Filter>
    </ClInclude>
    <ClInclude Include="Generation\Entry.h">
      <Filter>头文件</Filter>
    </ClInclude>
    <ClInclude Include="Generation\Random\BasicRandom.h">
      <Filter>头文件</Filter>
    </ClInclude>
    <ClInclude Include="Generation\Random\ContinuousRandom.h">
      <Filter>头文件</Filter>
    </ClInclude>
    <ClInclude Include="Generation\Random\DispersedRatio.h">
      <Filter>头文件</Filter>
    </ClInclude>
    <ClInclude Include="Generation\Random\Random.h">
      <Filter>头文件</Filter>
    </ClInclude>
    <ClInclude Include="Class\Biome\Test\TestSon\testSon.h">
      <Filter>头文件</Filter>
    </ClInclude>
    <ClInclude Include="Generation\WorldPara.h">
      <Filter>头文件</Filter>
    </ClInclude>
    <ClInclude Include="Class\Biome\Hill\hill.h">
      <Filter>头文件</Filter>
    </ClInclude>
    <ClInclude Include="Generation\Random\PositionRandom.h">
      <Filter>头文件</Filter>
    </ClInclude>
    <ClInclude Include="UCLient\Graph\BasicClass\lib\lib\stb_c_lexer.h">
      <Filter>头文件</Filter>
    </ClInclude>
    <ClInclude Include="UCLient\Graph\BasicClass\lib\lib\stb_connected_components.h">
      <Filter>头文件</Filter>
    </ClInclude>
    <ClInclude Include="UCLient\Graph\BasicClass\lib\lib\stb_divide.h">
      <Filter>头文件</Filter>
    </ClInclude>
    <ClInclude Include="UCLient\Graph\BasicClass\lib\lib\stb_ds.h">
      <Filter>头文件</Filter>
    </ClInclude>
    <ClInclude Include="UCLient\Graph\BasicClass\lib\lib\stb_dxt.h">
      <Filter>头文件</Filter>
    </ClInclude>
    <ClInclude Include="UCLient\Graph\BasicClass\lib\lib\stb_easy_font.h">
      <Filter>头文件</Filter>
    </ClInclude>
    <ClInclude Include="UCLient\Graph\BasicClass\lib\lib\stb_herringbone_wang_tile.h">
      <Filter>头文件</Filter>
    </ClInclude>
    <ClInclude Include="UCLient\Graph\BasicClass\lib\lib\stb_hexwave.h">
      <Filter>头文件</Filter>
    </ClInclude>
    <ClInclude Include="UCLient\Graph\BasicClass\lib\lib\stb_image.h">
      <Filter>头文件</Filter>
    </ClInclude>
    <ClInclude Include="UCLient\Graph\BasicClass\lib\lib\stb_image_resize.h">
      <Filter>头文件</Filter>
    </ClInclude>
    <ClInclude Include="UCLient\Graph\BasicClass\lib\lib\stb_image_write.h">
      <Filter>头文件</Filter>
    </ClInclude>
    <ClInclude Include="UCLient\Graph\BasicClass\lib\lib\stb_include.h">
      <Filter>头文件</Filter>
    </ClInclude>
    <ClInclude Include="UCLient\Graph\BasicClass\lib\lib\stb_leakcheck.h">
      <Filter>头文件</Filter>
    </ClInclude>
    <ClInclude Include="UCLient\Graph\BasicClass\lib\lib\stb_perlin.h">
      <Filter>头文件</Filter>
    </ClInclude>
    <ClInclude Include="UCLient\Graph\BasicClass\lib\lib\stb_rect_pack.h">
      <Filter>头文件</Filter>
    </ClInclude>
    <ClInclude Include="UCLient\Graph\BasicClass\lib\lib\stb_sprintf.h">
      <Filter>头文件</Filter>
    </ClInclude>
    <ClInclude Include="UCLient\Graph\BasicClass\lib\lib\stb_textedit.h">
      <Filter>头文件</Filter>
    </ClInclude>
    <ClInclude Include="UCLient\Graph\BasicClass\lib\lib\stb_tilemap_editor.h">
      <Filter>头文件</Filter>
    </ClInclude>
    <ClInclude Include="UCLient\Graph\BasicClass\lib\lib\stb_truetype.h">
      <Filter>头文件</Filter>
    </ClInclude>
    <ClInclude Include="UCLient\Graph\BasicClass\lib\lib\stb_voxel_render.h">
      <Filter>头文件</Filter>
    </ClInclude>
    <ClInclude Include="UCLient\Graph\BasicClass\lib\BasicHeaders.h">
      <Filter>头文件</Filter>
    </ClInclude>
    <ClInclude Include="UCLient\Graph\BasicClass\lib\IndexBuffer.h">
      <Filter>头文件</Filter>
    </ClInclude>
    <ClInclude Include="UCLient\Graph\BasicClass\lib\Renderer.h">
      <Filter>头文件</Filter>
    </ClInclude>
    <ClInclude Include="UCLient\Graph\BasicClass\lib\Shader.h">
      <Filter>头文件</Filter>
    </ClInclude>
    <ClInclude Include="UCLient\Graph\BasicClass\lib\Texture.h">
      <Filter>头文件</Filter>
    </ClInclude>
    <ClInclude Include="UCLient\Graph\BasicClass\lib\VertexArray.h">
      <Filter>头文件</Filter>
    </ClInclude>
    <ClInclude Include="UCLient\Graph\BasicClass\lib\VertexBuffer.h">
      <Filter>头文件</Filter>
    </ClInclude>
    <ClInclude Include="UCLient\Graph\BasicClass\Main.h">
      <Filter>头文件</Filter>
    </ClInclude>
    <ClInclude Include="UCLient\Graph\imgui\misc\freetype\imgui_freetype.h">
      <Filter>头文件</Filter>
    </ClInclude>
    <ClInclude Include="UCLient\Graph\imgui\imconfig.h">
      <Filter>头文件</Filter>
    </ClInclude>
    <ClInclude Include="UCLient\Graph\imgui\imgui.h">
      <Filter>头文件</Filter>
    </ClInclude>
    <ClInclude Include="UCLient\Graph\imgui\imgui_impl_glfw_gl3.h">
      <Filter>头文件</Filter>
    </ClInclude>
    <ClInclude Include="UCLient\Graph\imgui\imgui_internal.h">
      <Filter>头文件</Filter>
    </ClInclude>
    <ClInclude Include="UCLient\Graph\imgui\stb_rect_pack.h">
      <Filter>头文件</Filter>
    </ClInclude>
    <ClInclude Include="UCLient\Graph\imgui\stb_textedit.h">
      <Filter>头文件</Filter>
    </ClInclude>
    <ClInclude Include="UCLient\Graph\imgui\stb_truetype.h">
      <Filter>头文件</Filter>
    </ClInclude>
    <ClInclude Include="UCLient\Graph\RenderBlockProcess.h">
      <Filter>头文件</Filter>
    </ClInclude>
    <ClInclude Include="UCLient\Graph\ChunkDraw.h">
      <Filter>头文件</Filter>
    </ClInclude>
    <ClInclude Include="UCLient\ImportInfo.h">
      <Filter>头文件</Filter>
    </ClInclude>
    <ClInclude Include="UCLient\Graph\DynamicRegister.h">
      <Filter>头文件</Filter>
    </ClInclude>
    <ClInclude Include="Class\Biome\Hill\Tree\tree.h">
      <Filter>头文件</Filter>
    </ClInclude>
    <ClInclude Include="UCLient\Graph\SmoothLight.h">
      <Filter>头文件</Filter>
    </ClInclude>
    <ClInclude Include="UCLient\UserAction.h">
      <Filter>头文件</Filter>
    </ClInclude>
    <ClInclude Include="UCLient\Graph\GenBasicLight.h">
      <Filter>头文件</Filter>
    </ClInclude>
    <ClInclude Include="Generation\DivideBiomes.h">
      <Filter>头文件</Filter>
    </ClInclude>
    <ClInclude Include="Class\Biome\Desert\desert.h">
      <Filter>头文件</Filter>
    </ClInclude>
  </ItemGroup>
  <ItemGroup>
    <None Include="Resources\index.json" />
    <None Include="UCLient\Basic.shader" />
  </ItemGroup>
  <ItemGroup>
    <Image Include="Resources\index.png">
      <Filter>资源文件</Filter>
    </Image>
  </ItemGroup>
</Project>